
Microsoft Visual Studio Solution File, Format Version 12.00
# Visual Studio Version 17
VisualStudioVersion = 17.14.36203.30 d17.14
MinimumVisualStudioVersion = 10.0.40219.1
Project("{FAE04EC0-301F-11D3-BF4B-00C04F79EFBC}") = "WebApplication3", "WebApplication3\WebApplication3.csproj", "{4457057D-0753-4EFE-92ED-38208D3DBCA9}"
EndProject
Global
	GlobalSection(SolutionConfigurationPlatforms) = preSolution
		Debug|Any CPU = Debug|Any CPU
		Release|Any CPU = Release|Any CPU
	EndGlobalSection
	GlobalSection(ProjectConfigurationPlatforms) = postSolution
		{4457057D-0753-4EFE-92ED-38208D3DBCA9}.Debug|Any CPU.ActiveCfg = Debug|Any CPU
		{4457057D-0753-4EFE-92ED-38208D3DBCA9}.Debug|Any CPU.Build.0 = Debug|Any CPU
		{4457057D-0753-4EFE-92ED-38208D3DBCA9}.Release|Any CPU.ActiveCfg = Release|Any CPU
		{4457057D-0753-4EFE-92ED-38208D3DBCA9}.Release|Any CPU.Build.0 = Release|Any CPU
	EndGlobalSection
	GlobalSection(SolutionProperties) = preSolution
		HideSolutionNode = FALSE
	EndGlobalSection
	GlobalSection(ExtensibilityGlobals) = postSolution
		SolutionGuid = {94388706-A9CC-4C0E-8053-9A0DEEBAA0F2}
	EndGlobalSection
EndGlobal
